github.com/davecgh/go-spew v1.1.1 h1:vj9j/u1bqnvCEfJOwUhtlOARqs3+rkHYY13jYWTU97c=
github.com/goinbox/color v1.0.0 h1:w+HhREKjA3rnGdIxcVbp+ssFvPfMocIHjBbXNMH9gGU=
github.com/goinbox/color v1.0.0/go.mod h1:LKewYUaZLTr4h7G8CUv4Lt6JmOAD0wQePGEIF8faaqk=
github.com/goinbox/golog v4.2.2+incompatible h1:0KPzy5vyGdtwSGh3nzqRzjT+2IYW+Y0yXqtL+QN723Q=
github.com/goinbox/golog v4.2.2+incompatible/go.mod h1:LpDh2j8NT1DzCFjkpE3joekJWaVxUt+BolHh52GJqtA=
github.com/goinbox/gomisc v1.4.0 h1:nxhAuPprXkaoXtRHMW3jABNBIDXPNH/RfCXXDiDRThI=
github.com/goinbox/gomisc v1.4.0/go.mod h1:SPnA6bKoY+HIxNBbO2zRX0jBHu0lmi3nCLbZR40aiSs=
github.com/goinbox/pcontext v1.1.0 h1:kuAZF2WEn2vdv37a4iUzCNMjFHukWLlq/7zmua33iug=
github.com/goinbox/pcontext v1.1.0/go.mod h1:ZRo6NkTSYi7Hy6q4qbkPUarpnPB+gbFewPlMYoAUJKs=
github.com/goinbox/pcontext v1.2.0 h1:0RTnXL39FRJUhxgQhfXeTgpqcc/JgBjebCTrSIvz4YE=
github.com/goinbox/pcontext v1.2.0/go.mod h1:ZRo6NkTSYi7Hy6q4qbkPUarpnPB+gbFewPlMYoAUJKs=
github.com/goinbox/ptrace v1.0.0 h1:6HQ2aQyw/RXLeGhjutCD64D7pjk17QxqgAlUrHzF8ns=
github.com/goinbox/ptrace v1.0.0/go.mod h1:uYfK/4OgSbdZC+uVJ3SWsn/B5t96F66+zSHD5eMdCSE=
github.com/goinbox/router v1.3.0 h1:076ToDMwkof59rczCCgElOVcr7DIStRQoV+nisv9A0g=
github.com/goinbox/router v1.3.0/go.mod h1:vxKF8bnOCBpSZ/Svelhni8oBX5XlIWh39fpnH3oEzPk=
github.com/goinbox/router v1.4.0 h1:dajC/B9XKCoOgw8GX/ceaBEjP2C20eaMKX0pSH7MKhs=
github.com/goinbox/router v1.4.0/go.mod h1:vxKF8bnOCBpSZ/Svelhni8oBX5XlIWh39fpnH3oEzPk=
github.com/google/go-cmp v0.5.9 h1:O2Tfq5qg4qc4AmwVlvv0oLiVAGB7enBSJ2x2DqQFi38=
github.com/pmezard/go-difflib v1.0.0 h1:4DBwDE0NGyQoBHbLQYPwSUPoCMWR5BEzIk/f1lZbAQM=
github.com/stretchr/testify v1.8.4 h1:CcVxjf3Q8PM0mHUKJCdn+eZZtm5yQwehR5yeSVQQcUk=
go.opentelemetry.io/otel v1.17.0 h1:MW+phZ6WZ5/uk2nd93ANk/6yJ+dVrvNWUjGhnnFU5jM=
go.opentelemetry.io/otel v1.17.0/go.mod h1:I2vmBGtFaODIVMBSTPVDlJSzBDNf93k60E6Ft0nyjo0=
go.opentelemetry.io/otel/trace v1.17.0 h1:/SWhSRHmDPOImIAetP1QAeMnZYiQXrTy4fMMYOdSKWQ=
go.opentelemetry.io/otel/trace v1.17.0/go.mod h1:I/4vKTgFclIsXRVucpH25X0mpFSczM7aHeaz0ZBLWjY=
gopkg.in/yaml.v3 v3.0.1 h1:fxVm/GzAzEWqLHuvctI91KS9hhNmmWOoWu0XTYJS7CA=
